
Microsoft Visual Studio Solution File, Format Version 12.00
# Visual Studio Version 17
VisualStudioVersion = 17.8.34330.188
MinimumVisualStudioVersion = 10.0.40219.1
Project("{9A19103F-16F7-4668-BE54-9A1E7A4F7556}") = "KQApi", "KQApi.csproj", "{729570B0-457B-4DD4-8839-6118C3B3D913}"
EndProject
Project("{FAE04EC0-301F-11D3-BF4B-00C04F79EFBC}") = "KQGeneral", "..\KQGeneral\KQGeneral.csproj", "{9D43261A-5E36-443F-98F0-36DBFC94C743}"
EndProject
Project("{FAE04EC0-301F-11D3-BF4B-00C04F79EFBC}") = "KQRegistrationWeb", "..\KQRegistrationWeb\KQRegistrationWeb.csproj", "{B3EE4CBB-C7C5-4C25-B54F-7342A6B012BC}"
EndProject
Project("{FAE04EC0-301F-11D3-BF4B-00C04F79EFBC}") = "kq-reg-web-next", "..\kq-reg-web-next\kq-reg-web-next.csproj", "{E2E26F42-019E-4618-905E-C3F0A9351087}"
EndProject
Project("{2150E333-8FDC-42A3-9474-1A3956D46DE8}") = "Solution Items", "Solution Items", "{8EC462FD-D22E-90A8-E5CE-7E832BA40C5D}"
	ProjectSection(SolutionItems) = preProject
		..\sql-backups\KQRegistration_2025_10_04.bak = ..\sql-backups\KQRegistration_2025_10_04.bak
	EndProjectSection
EndProject
Global
	GlobalSection(SolutionConfigurationPlatforms) = preSolution
		Debug|Any CPU = Debug|Any CPU
		Release|Any CPU = Release|Any CPU
	EndGlobalSection
	GlobalSection(ProjectConfigurationPlatforms) = postSolution
		{729570B0-457B-4DD4-8839-6118C3B3D913}.Debug|Any CPU.ActiveCfg = Debug|Any CPU
		{729570B0-457B-4DD4-8839-6118C3B3D913}.Debug|Any CPU.Build.0 = Debug|Any CPU
		{729570B0-457B-4DD4-8839-6118C3B3D913}.Release|Any CPU.ActiveCfg = Release|Any CPU
		{729570B0-457B-4DD4-8839-6118C3B3D913}.Release|Any CPU.Build.0 = Release|Any CPU
		{9D43261A-5E36-443F-98F0-36DBFC94C743}.Debug|Any CPU.ActiveCfg = Debug|Any CPU
		{9D43261A-5E36-443F-98F0-36DBFC94C743}.Debug|Any CPU.Build.0 = Debug|Any CPU
		{9D43261A-5E36-443F-98F0-36DBFC94C743}.Release|Any CPU.ActiveCfg = Release|Any CPU
		{9D43261A-5E36-443F-98F0-36DBFC94C743}.Release|Any CPU.Build.0 = Release|Any CPU
		{B3EE4CBB-C7C5-4C25-B54F-7342A6B012BC}.Debug|Any CPU.ActiveCfg = Debug|Any CPU
		{B3EE4CBB-C7C5-4C25-B54F-7342A6B012BC}.Debug|Any CPU.Build.0 = Debug|Any CPU
		{B3EE4CBB-C7C5-4C25-B54F-7342A6B012BC}.Release|Any CPU.ActiveCfg = Release|Any CPU
		{B3EE4CBB-C7C5-4C25-B54F-7342A6B012BC}.Release|Any CPU.Build.0 = Release|Any CPU
		{E2E26F42-019E-4618-905E-C3F0A9351087}.Debug|Any CPU.ActiveCfg = Debug|Any CPU
		{E2E26F42-019E-4618-905E-C3F0A9351087}.Debug|Any CPU.Build.0 = Debug|Any CPU
		{E2E26F42-019E-4618-905E-C3F0A9351087}.Release|Any CPU.ActiveCfg = Release|Any CPU
		{E2E26F42-019E-4618-905E-C3F0A9351087}.Release|Any CPU.Build.0 = Release|Any CPU
	EndGlobalSection
	GlobalSection(SolutionProperties) = preSolution
		HideSolutionNode = FALSE
	EndGlobalSection
	GlobalSection(ExtensibilityGlobals) = postSolution
		SolutionGuid = {0EB76DDD-0E68-4C84-B87A-40EA9EA44695}
	EndGlobalSection
EndGlobal
